<?xml version="1.0" encoding="utf-8"?>
<Project ToolsVersion="4.0" xmlns="http://schemas.microsoft.com/developer/msbuild/2003">
  <ItemGroup>
    <Filter Include="Source Files">
      <UniqueIdentifier>{4FC737F1-C7A5-4376-A066-2A32D752A2FF}</UniqueIdentifier>
      <Extensions>qml;cpp;c;cc;cxx;def;odl;idl;hpj;bat;asm;asmx</Extensions>
    </Filter>
    <Filter Include="Header Files">
      <UniqueIdentifier>{93995380-89BD-4b04-88EB-625FBE52EBFB}</UniqueIdentifier>
      <Extensions>h;hh;hpp;hxx;hm;inl;inc;xsd</Extensions>
    </Filter>
    <Filter Include="Resource Files">
      <UniqueIdentifier>{67DA6AB6-F800-4c08-8B7A-83BB121AAD01}</UniqueIdentifier>
      <Extensions>qrc;rc;ico;cur;bmp;dlg;rc2;rct;bin;rgs;gif;jpg;jpeg;jpe;resx;tiff;tif;png;wav;mfcribbon-ms</Extensions>
    </Filter>
    <Filter Include="Form Files">
      <UniqueIdentifier>{99349809-55BA-4b9d-BF79-8FDBB0286EB3}</UniqueIdentifier>
      <Extensions>ui</Extensions>
    </Filter>
    <Filter Include="Translation Files">
      <UniqueIdentifier>{639EADAA-A684-42e4-A9AD-28FC9BCB8F7C}</UniqueIdentifier>
      <Extensions>ts</Extensions>
    </Filter>
  </ItemGroup>
  <ItemGroup>
    <QtRcc Include="DontNeedADO.qrc">
      <Filter>Resource Files</Filter>
    </QtRcc>
    <QtUic Include="DontNeedADO.ui">
      <Filter>Form Files</Filter>
    </QtUic>
    <QtMoc Include="DontNeedADO.h">
      <Filter>Header Files</Filter>
    </QtMoc>
    <ClCompile Include="DontNeedADO.cpp">
      <Filter>Source Files</Filter>
    </ClCompile>
  </ItemGroup>
  <ItemGroup>
    <ClCompile Include="main.cpp">
      <Filter>Source Files</Filter>
    </ClCompile>
    <ClCompile Include="GitClonePanel.cpp">
      <Filter>Source Files</Filter>
    </ClCompile>
    <ClCompile Include="ReplacePanel.cpp">
      <Filter>Source Files</Filter>
    </ClCompile>
    <ClCompile Include="CMakePanel.cpp">
      <Filter>Source Files</Filter>
    </ClCompile>
    <ClCompile Include="NugetPanel.cpp">
      <Filter>Source Files</Filter>
    </ClCompile>
    <ClCompile Include="TagPanel.cpp">
      <Filter>Source Files</Filter>
    </ClCompile>
    <ClCompile Include="PiplineStep.cpp">
      <Filter>Source Files</Filter>
    </ClCompile>
    <ClCompile Include="ReplaceStep.cpp">
      <Filter>Source Files</Filter>
    </ClCompile>
    <ClCompile Include="Pipline.cpp">
      <Filter>Source Files</Filter>
    </ClCompile>
  </ItemGroup>
  <ItemGroup>
    <QtMoc Include="GitClonePanel.h">
      <Filter>Header Files</Filter>
    </QtMoc>
    <QtMoc Include="ReplacePanel.h">
      <Filter>Header Files</Filter>
    </QtMoc>
    <QtMoc Include="CMakePanel.h">
      <Filter>Header Files</Filter>
    </QtMoc>
    <QtMoc Include="NugetPanel.h">
      <Filter>Header Files</Filter>
    </QtMoc>
    <QtMoc Include="TagPanel.h">
      <Filter>Header Files</Filter>
    </QtMoc>
  </ItemGroup>
  <ItemGroup>
    <QtUic Include="GitClonePanel.ui">
      <Filter>Form Files</Filter>
    </QtUic>
    <QtUic Include="ReplacePanel.ui">
      <Filter>Form Files</Filter>
    </QtUic>
    <QtUic Include="CMakePanel.ui">
      <Filter>Form Files</Filter>
    </QtUic>
    <QtUic Include="NugetPanel.ui">
      <Filter>Form Files</Filter>
    </QtUic>
    <QtUic Include="TagPanel.ui">
      <Filter>Form Files</Filter>
    </QtUic>
  </ItemGroup>
  <ItemGroup>
    <ClInclude Include="PiplineStep.h">
      <Filter>Header Files</Filter>
    </ClInclude>
    <ClInclude Include="ReplaceStep.h">
      <Filter>Header Files</Filter>
    </ClInclude>
    <ClInclude Include="Pipline.h">
      <Filter>Header Files</Filter>
    </ClInclude>
  </ItemGroup>
</Project>